{
  "lockfile-version": 1,
  "manifest": {
    "version": 1,
    "install": {
      "ceph": {
        "pkg-path": "ceph",
        "version": "18.2.4",
        "systems": [
          "aarch64-linux",
          "x86_64-linux"
        ]
      },
      "iperf3": {
        "pkg-path": "iperf3"
      },
      "matplotlib": {
        "pkg-path": "python312Packages.matplotlib"
      },
      "pdsh": {
        "pkg-path": "pdsh"
      },
      "python3": {
        "pkg-path": "python3"
      },
      "pyyaml": {
        "pkg-path": "python312Packages.pyyaml"
      }
    },
    "hook": {
      "on-activate": "  # Autogenerated by Flox\n\n  # Setup a Python virtual environment\n\n  export PYTHON_DIR=\"$FLOX_ENV_CACHE/python\"\n  if [ ! -d \"$PYTHON_DIR\" ]; then\n    echo \"Creating python virtual environment in $PYTHON_DIR\"\n    python -m venv \"$PYTHON_DIR\"\n  fi\n\n  # Quietly activate venv and install packages in a subshell so\n  # that the venv can be freshly activated in the profile section.\n  (\n    source \"$PYTHON_DIR/bin/activate\"\n    pip install -r \"$FLOX_ENV_PROJECT/requirements.txt\" --quiet\n  )\n\n  # End autogenerated by Flox\n"
    },
    "profile": {
      "bash": "  # Autogenerated by Flox\n\n  echo \"Activating python virtual environment\" >&2\n  source \"$PYTHON_DIR/bin/activate\"\n\n  # End autogenerated by Flox\n",
      "zsh": "  # Autogenerated by Flox\n\n  echo \"Activating python virtual environment\" >&2\n  source \"$PYTHON_DIR/bin/activate\"\n\n  # End autogenerated by Flox\n",
      "fish": "  # Autogenerated by Flox\n\n  echo \"Activating python virtual environment\" >&2\n  source \"$PYTHON_DIR/bin/activate.fish\"\n\n  # End autogenerated by Flox\n",
      "tcsh": "  # Autogenerated by Flox\n\n  echo \"Activating python virtual environment\" >&2\n  source \"$PYTHON_DIR/bin/activate.csh\"\n\n  # End autogenerated by Flox\n"
    },
    "options": {
      "systems": [
        "aarch64-darwin",
        "aarch64-linux",
        "x86_64-darwin",
        "x86_64-linux"
      ],
      "allow": {
        "licenses": []
      },
      "semver": {}
    }
  },
  "packages": [
    {
      "attr_path": "ceph",
      "broken": false,
      "derivation": "/nix/store/gpqv7nmhawhjvzf78r303idf43i836hd-ceph-18.2.4.drv",
      "description": "Distributed storage system",
      "install_id": "ceph",
      "license": "[ LGPL-2.1, GPL-2.0-only, BSD-3-Clause, MIT, Public Domain ]",
      "locked_url": "https://github.com/flox/nixpkgs?rev=574d1eac1c200690e27b8eb4e24887f8df7ac27c",
      "name": "ceph-18.2.4",
      "pname": "ceph",
      "rev": "574d1eac1c200690e27b8eb4e24887f8df7ac27c",
      "rev_count": 677397,
      "rev_date": "2024-09-06T14:57:51Z",
      "scrape_date": "2024-09-09T13:35:41Z",
      "stabilities": [
        "unstable"
      ],
      "unfree": false,
      "version": "18.2.4",
      "outputs_to_install": [
        "man",
        "out"
      ],
      "outputs": {
        "dev": "/nix/store/zc57hbcglvssqbd2l8rfh09jcsgrxgsc-ceph-18.2.4-dev",
        "doc": "/nix/store/lyjgxrsk20hmz6mngs760nj2wlgc4mhc-ceph-18.2.4-doc",
        "lib": "/nix/store/0qnnhr8j25acxw5lzspd1sw518sj4hjb-ceph-18.2.4-lib",
        "man": "/nix/store/7gfzxispd3q8n2770bvz78z0m6lg4nxk-ceph-18.2.4-man",
        "out": "/nix/store/1ykvl6xfrqypy3367n9vjvrhwn2i61j9-ceph-18.2.4"
      },
      "system": "aarch64-linux",
      "group": "toplevel",
      "priority": 5
    },
    {
      "attr_path": "ceph",
      "broken": false,
      "derivation": "/nix/store/1i0890cig1xis88ljxanvghk3rpia428-ceph-18.2.4.drv",
      "description": "Distributed storage system",
      "install_id": "ceph",
      "license": "[ LGPL-2.1, GPL-2.0-only, BSD-3-Clause, MIT, Public Domain ]",
      "locked_url": "https://github.com/flox/nixpkgs?rev=574d1eac1c200690e27b8eb4e24887f8df7ac27c",
      "name": "ceph-18.2.4",
      "pname": "ceph",
      "rev": "574d1eac1c200690e27b8eb4e24887f8df7ac27c",
      "rev_count": 677397,
      "rev_date": "2024-09-06T14:57:51Z",
      "scrape_date": "2024-09-09T13:35:41Z",
      "stabilities": [
        "unstable"
      ],
      "unfree": false,
      "version": "18.2.4",
      "outputs_to_install": [
        "man",
        "out"
      ],
      "outputs": {
        "dev": "/nix/store/z72igws9p4g1g7c4mgr4x7i090bp1992-ceph-18.2.4-dev",
        "doc": "/nix/store/zxy9nl8awxv0lai9iih61vbrq7m3n15f-ceph-18.2.4-doc",
        "lib": "/nix/store/5l7bvgz4752rhix7d4yycigarc6xf7vg-ceph-18.2.4-lib",
        "man": "/nix/store/ml8whxbkxwrzq12l7z62mpckcz4xbi99-ceph-18.2.4-man",
        "out": "/nix/store/1mxj0q5i4b5w6ngnmik2yqfs0g9v3669-ceph-18.2.4"
      },
      "system": "x86_64-linux",
      "group": "toplevel",
      "priority": 5
    },
    {
      "attr_path": "iperf3",
      "broken": false,
      "derivation": "/nix/store/h4pn2061h4z7l4dp459k1dqk6ijwbwp7-iperf-3.17.1.drv",
      "description": "Tool to measure IP bandwidth using UDP or TCP",
      "install_id": "iperf3",
      "license": "BSD-3-Clause",
      "locked_url": "https://github.com/flox/nixpkgs?rev=574d1eac1c200690e27b8eb4e24887f8df7ac27c",
      "name": "iperf-3.17.1",
      "pname": "iperf3",
      "rev": "574d1eac1c200690e27b8eb4e24887f8df7ac27c",
      "rev_count": 677397,
      "rev_date": "2024-09-06T14:57:51Z",
      "scrape_date": "2024-09-09T13:35:41Z",
      "stabilities": [
        "unstable"
      ],
      "unfree": false,
      "version": "3.17.1",
      "outputs_to_install": [
        "man",
        "out"
      ],
      "outputs": {
        "man": "/nix/store/h5g541vj0dlgq67rb7c2sk5608amhnlk-iperf-3.17.1-man",
        "out": "/nix/store/px27ly4m3vri053wg3scqpyqqwmpl0my-iperf-3.17.1"
      },
      "system": "aarch64-darwin",
      "group": "toplevel",
      "priority": 5
    },
    {
      "attr_path": "iperf3",
      "broken": false,
      "derivation": "/nix/store/a35xaa7s35x7h59xfxclrwqsypsfiq4i-iperf-3.17.1.drv",
      "description": "Tool to measure IP bandwidth using UDP or TCP",
      "install_id": "iperf3",
      "license": "BSD-3-Clause",
      "locked_url": "https://github.com/flox/nixpkgs?rev=574d1eac1c200690e27b8eb4e24887f8df7ac27c",
      "name": "iperf-3.17.1",
      "pname": "iperf3",
      "rev": "574d1eac1c200690e27b8eb4e24887f8df7ac27c",
      "rev_count": 677397,
      "rev_date": "2024-09-06T14:57:51Z",
      "scrape_date": "2024-09-09T13:35:41Z",
      "stabilities": [
        "unstable"
      ],
      "unfree": false,
      "version": "3.17.1",
      "outputs_to_install": [
        "man",
        "out"
      ],
      "outputs": {
        "man": "/nix/store/6yc79az2xxm9rs60hhv7j2840kjyv8hg-iperf-3.17.1-man",
        "out": "/nix/store/g6a2q4f48rxbgzaaiyxkg47sywz2vfxp-iperf-3.17.1"
      },
      "system": "aarch64-linux",
      "group": "toplevel",
      "priority": 5
    },
    {
      "attr_path": "iperf3",
      "broken": false,
      "derivation": "/nix/store/5mc3acd8k89qkzyr55pxwx48zfpmlyjj-iperf-3.17.1.drv",
      "description": "Tool to measure IP bandwidth using UDP or TCP",
      "install_id": "iperf3",
      "license": "BSD-3-Clause",
      "locked_url": "https://github.com/flox/nixpkgs?rev=574d1eac1c200690e27b8eb4e24887f8df7ac27c",
      "name": "iperf-3.17.1",
      "pname": "iperf3",
      "rev": "574d1eac1c200690e27b8eb4e24887f8df7ac27c",
      "rev_count": 677397,
      "rev_date": "2024-09-06T14:57:51Z",
      "scrape_date": "2024-09-09T13:35:41Z",
      "stabilities": [
        "unstable"
      ],
      "unfree": false,
      "version": "3.17.1",
      "outputs_to_install": [
        "man",
        "out"
      ],
      "outputs": {
        "man": "/nix/store/plqifmnbrdjlkbjqfyb927ap8xjjk1hf-iperf-3.17.1-man",
        "out": "/nix/store/v0cdam9pwcv2xc2dj365vpzskkfphfb1-iperf-3.17.1"
      },
      "system": "x86_64-darwin",
      "group": "toplevel",
      "priority": 5
    },
    {
      "attr_path": "iperf3",
      "broken": false,
      "derivation": "/nix/store/3m8gcwzbznfppayypg21qj4vflk82s6z-iperf-3.17.1.drv",
      "description": "Tool to measure IP bandwidth using UDP or TCP",
      "install_id": "iperf3",
      "license": "BSD-3-Clause",
      "locked_url": "https://github.com/flox/nixpkgs?rev=574d1eac1c200690e27b8eb4e24887f8df7ac27c",
      "name": "iperf-3.17.1",
      "pname": "iperf3",
      "rev": "574d1eac1c200690e27b8eb4e24887f8df7ac27c",
      "rev_count": 677397,
      "rev_date": "2024-09-06T14:57:51Z",
      "scrape_date": "2024-09-09T13:35:41Z",
      "stabilities": [
        "unstable"
      ],
      "unfree": false,
      "version": "3.17.1",
      "outputs_to_install": [
        "man",
        "out"
      ],
      "outputs": {
        "man": "/nix/store/aqg1faadljlvxnybb5pff8yzcf3qfjhv-iperf-3.17.1-man",
        "out": "/nix/store/0hlpz49diwswxx6i2644shfrvnddd7a8-iperf-3.17.1"
      },
      "system": "x86_64-linux",
      "group": "toplevel",
      "priority": 5
    },
    {
      "attr_path": "python312Packages.matplotlib",
      "broken": false,
      "derivation": "/nix/store/wxp5y998p2zpjawhm1dsak3zw3f5yb5h-python3.12-matplotlib-3.9.1.drv",
      "description": "Python plotting library, making publication quality plots",
      "install_id": "matplotlib",
      "license": "[ Python-2.0, 0BSD ]",
      "locked_url": "https://github.com/flox/nixpkgs?rev=574d1eac1c200690e27b8eb4e24887f8df7ac27c",
      "name": "python3.12-matplotlib-3.9.1",
      "pname": "matplotlib",
      "rev": "574d1eac1c200690e27b8eb4e24887f8df7ac27c",
      "rev_count": 677397,
      "rev_date": "2024-09-06T14:57:51Z",
      "scrape_date": "2024-09-09T13:35:41Z",
      "stabilities": [
        "unstable"
      ],
      "unfree": false,
      "version": "3.9.1",
      "outputs_to_install": [
        "out"
      ],
      "outputs": {
        "dist": "/nix/store/srk6q8yl6jsk9l7g2x76pk63a31aswkm-python3.12-matplotlib-3.9.1-dist",
        "out": "/nix/store/gwxkkyxn5kr6prvn6v76gxr46l460v5w-python3.12-matplotlib-3.9.1"
      },
      "system": "aarch64-darwin",
      "group": "toplevel",
      "priority": 5
    },
    {
      "attr_path": "python312Packages.matplotlib",
      "broken": false,
      "derivation": "/nix/store/90bx43fwaf750b7braqazvn69arb8krg-python3.12-matplotlib-3.9.1.drv",
      "description": "Python plotting library, making publication quality plots",
      "install_id": "matplotlib",
      "license": "[ Python-2.0, 0BSD ]",
      "locked_url": "https://github.com/flox/nixpkgs?rev=574d1eac1c200690e27b8eb4e24887f8df7ac27c",
      "name": "python3.12-matplotlib-3.9.1",
      "pname": "matplotlib",
      "rev": "574d1eac1c200690e27b8eb4e24887f8df7ac27c",
      "rev_count": 677397,
      "rev_date": "2024-09-06T14:57:51Z",
      "scrape_date": "2024-09-09T13:35:41Z",
      "stabilities": [
        "unstable"
      ],
      "unfree": false,
      "version": "3.9.1",
      "outputs_to_install": [
        "out"
      ],
      "outputs": {
        "dist": "/nix/store/alxx58igpfj2jwn02g2650xv0fh0kwgs-python3.12-matplotlib-3.9.1-dist",
        "out": "/nix/store/y5w4sw8q5y5iafnbykwn3pds0ynpixz2-python3.12-matplotlib-3.9.1"
      },
      "system": "aarch64-linux",
      "group": "toplevel",
      "priority": 5
    },
    {
      "attr_path": "python312Packages.matplotlib",
      "broken": false,
      "derivation": "/nix/store/bndkzwfl79xicl7dqnpw6232887vbs7k-python3.12-matplotlib-3.9.1.drv",
      "description": "Python plotting library, making publication quality plots",
      "install_id": "matplotlib",
      "license": "[ Python-2.0, 0BSD ]",
      "locked_url": "https://github.com/flox/nixpkgs?rev=574d1eac1c200690e27b8eb4e24887f8df7ac27c",
      "name": "python3.12-matplotlib-3.9.1",
      "pname": "matplotlib",
      "rev": "574d1eac1c200690e27b8eb4e24887f8df7ac27c",
      "rev_count": 677397,
      "rev_date": "2024-09-06T14:57:51Z",
      "scrape_date": "2024-09-09T13:35:41Z",
      "stabilities": [
        "unstable"
      ],
      "unfree": false,
      "version": "3.9.1",
      "outputs_to_install": [
        "out"
      ],
      "outputs": {
        "dist": "/nix/store/x4wi4sb5n892f2s7629b8vjarzj7q7bg-python3.12-matplotlib-3.9.1-dist",
        "out": "/nix/store/k004di0l42zz5bcf7cckp5rswamm0lr0-python3.12-matplotlib-3.9.1"
      },
      "system": "x86_64-darwin",
      "group": "toplevel",
      "priority": 5
    },
    {
      "attr_path": "python312Packages.matplotlib",
      "broken": false,
      "derivation": "/nix/store/z43nqf6pm6r50hajyckwqp5mbl4jhlzw-python3.12-matplotlib-3.9.1.drv",
      "description": "Python plotting library, making publication quality plots",
      "install_id": "matplotlib",
      "license": "[ Python-2.0, 0BSD ]",
      "locked_url": "https://github.com/flox/nixpkgs?rev=574d1eac1c200690e27b8eb4e24887f8df7ac27c",
      "name": "python3.12-matplotlib-3.9.1",
      "pname": "matplotlib",
      "rev": "574d1eac1c200690e27b8eb4e24887f8df7ac27c",
      "rev_count": 677397,
      "rev_date": "2024-09-06T14:57:51Z",
      "scrape_date": "2024-09-09T13:35:41Z",
      "stabilities": [
        "unstable"
      ],
      "unfree": false,
      "version": "3.9.1",
      "outputs_to_install": [
        "out"
      ],
      "outputs": {
        "dist": "/nix/store/y5j91waqxr05mmfznab0s68wal9lcy87-python3.12-matplotlib-3.9.1-dist",
        "out": "/nix/store/27f0d4kdka0dgih4jsg9mfh1mv5ah5pm-python3.12-matplotlib-3.9.1"
      },
      "system": "x86_64-linux",
      "group": "toplevel",
      "priority": 5
    },
    {
      "attr_path": "pdsh",
      "broken": false,
      "derivation": "/nix/store/kvh7xvsnh6aljqdwg744kgrbxkhyx0qp-pdsh-2.35.drv",
      "description": "High-performance, parallel remote shell utility",
      "install_id": "pdsh",
      "license": "GPL-2.0-or-later",
      "locked_url": "https://github.com/flox/nixpkgs?rev=574d1eac1c200690e27b8eb4e24887f8df7ac27c",
      "name": "pdsh-2.35",
      "pname": "pdsh",
      "rev": "574d1eac1c200690e27b8eb4e24887f8df7ac27c",
      "rev_count": 677397,
      "rev_date": "2024-09-06T14:57:51Z",
      "scrape_date": "2024-09-09T13:35:41Z",
      "stabilities": [
        "unstable"
      ],
      "unfree": false,
      "version": "2.35",
      "outputs_to_install": [
        "out"
      ],
      "outputs": {
        "out": "/nix/store/alks9whb2si9hldjvl0a3ym73bdxgn0r-pdsh-2.35"
      },
      "system": "aarch64-darwin",
      "group": "toplevel",
      "priority": 5
    },
    {
      "attr_path": "pdsh",
      "broken": false,
      "derivation": "/nix/store/wr2p6yj8w1byc8d5al4qm5ym98w5fin4-pdsh-2.35.drv",
      "description": "High-performance, parallel remote shell utility",
      "install_id": "pdsh",
      "license": "GPL-2.0-or-later",
      "locked_url": "https://github.com/flox/nixpkgs?rev=574d1eac1c200690e27b8eb4e24887f8df7ac27c",
      "name": "pdsh-2.35",
      "pname": "pdsh",
      "rev": "574d1eac1c200690e27b8eb4e24887f8df7ac27c",
      "rev_count": 677397,
      "rev_date": "2024-09-06T14:57:51Z",
      "scrape_date": "2024-09-09T13:35:41Z",
      "stabilities": [
        "unstable"
      ],
      "unfree": false,
      "version": "2.35",
      "outputs_to_install": [
        "out"
      ],
      "outputs": {
        "out": "/nix/store/j7hn3hzyhfl09jy8n4q83h69xi9jaid6-pdsh-2.35"
      },
      "system": "aarch64-linux",
      "group": "toplevel",
      "priority": 5
    },
    {
      "attr_path": "pdsh",
      "broken": false,
      "derivation": "/nix/store/g2sn6ipm29cm5fv6j33345n9c7x75w94-pdsh-2.35.drv",
      "description": "High-performance, parallel remote shell utility",
      "install_id": "pdsh",
      "license": "GPL-2.0-or-later",
      "locked_url": "https://github.com/flox/nixpkgs?rev=574d1eac1c200690e27b8eb4e24887f8df7ac27c",
      "name": "pdsh-2.35",
      "pname": "pdsh",
      "rev": "574d1eac1c200690e27b8eb4e24887f8df7ac27c",
      "rev_count": 677397,
      "rev_date": "2024-09-06T14:57:51Z",
      "scrape_date": "2024-09-09T13:35:41Z",
      "stabilities": [
        "unstable"
      ],
      "unfree": false,
      "version": "2.35",
      "outputs_to_install": [
        "out"
      ],
      "outputs": {
        "out": "/nix/store/mbln87fqrn2ghs7xs6i513hlx1hpqw74-pdsh-2.35"
      },
      "system": "x86_64-darwin",
      "group": "toplevel",
      "priority": 5
    },
    {
      "attr_path": "pdsh",
      "broken": false,
      "derivation": "/nix/store/wlvcr8k99m1r9c49fw7x7pnddg98md5h-pdsh-2.35.drv",
      "description": "High-performance, parallel remote shell utility",
      "install_id": "pdsh",
      "license": "GPL-2.0-or-later",
      "locked_url": "https://github.com/flox/nixpkgs?rev=574d1eac1c200690e27b8eb4e24887f8df7ac27c",
      "name": "pdsh-2.35",
      "pname": "pdsh",
      "rev": "574d1eac1c200690e27b8eb4e24887f8df7ac27c",
      "rev_count": 677397,
      "rev_date": "2024-09-06T14:57:51Z",
      "scrape_date": "2024-09-09T13:35:41Z",
      "stabilities": [
        "unstable"
      ],
      "unfree": false,
      "version": "2.35",
      "outputs_to_install": [
        "out"
      ],
      "outputs": {
        "out": "/nix/store/ay9hcxbaxz2q3gzllyisg3kj7jyw5kkb-pdsh-2.35"
      },
      "system": "x86_64-linux",
      "group": "toplevel",
      "priority": 5
    },
    {
      "attr_path": "python3",
      "broken": false,
      "derivation": "/nix/store/qiysv4lcyw7rq0a9g3wx7s6ajy0z837b-python3-3.12.5.drv",
      "description": "High-level dynamically-typed programming language",
      "install_id": "python3",
      "license": "Python-2.0",
      "locked_url": "https://github.com/flox/nixpkgs?rev=574d1eac1c200690e27b8eb4e24887f8df7ac27c",
      "name": "python3-3.12.5",
      "pname": "python3",
      "rev": "574d1eac1c200690e27b8eb4e24887f8df7ac27c",
      "rev_count": 677397,
      "rev_date": "2024-09-06T14:57:51Z",
      "scrape_date": "2024-09-09T13:35:41Z",
      "stabilities": [
        "unstable"
      ],
      "unfree": false,
      "version": "3.12.5",
      "outputs_to_install": [
        "out"
      ],
      "outputs": {
        "out": "/nix/store/75j38g8ii1nqkmpf6sdlj3s5dyah3gas-python3-3.12.5"
      },
      "system": "aarch64-darwin",
      "group": "toplevel",
      "priority": 5
    },
    {
      "attr_path": "python3",
      "broken": false,
      "derivation": "/nix/store/dlvq8jsf3dyrj4bb8560v02qfsffkrvf-python3-3.12.5.drv",
      "description": "High-level dynamically-typed programming language",
      "install_id": "python3",
      "license": "Python-2.0",
      "locked_url": "https://github.com/flox/nixpkgs?rev=574d1eac1c200690e27b8eb4e24887f8df7ac27c",
      "name": "python3-3.12.5",
      "pname": "python3",
      "rev": "574d1eac1c200690e27b8eb4e24887f8df7ac27c",
      "rev_count": 677397,
      "rev_date": "2024-09-06T14:57:51Z",
      "scrape_date": "2024-09-09T13:35:41Z",
      "stabilities": [
        "unstable"
      ],
      "unfree": false,
      "version": "3.12.5",
      "outputs_to_install": [
        "out"
      ],
      "outputs": {
        "debug": "/nix/store/9qvs74485a1v5255w2ps0xf4rxww6w89-python3-3.12.5-debug",
        "out": "/nix/store/ajjwc8k8sk3ksrl3dq4fsg83m1j8n8s3-python3-3.12.5"
      },
      "system": "aarch64-linux",
      "group": "toplevel",
      "priority": 5
    },
    {
      "attr_path": "python3",
      "broken": false,
      "derivation": "/nix/store/0mzypk1b14r7z50y8qys0ipw7lff07mz-python3-3.12.5.drv",
      "description": "High-level dynamically-typed programming language",
      "install_id": "python3",
      "license": "Python-2.0",
      "locked_url": "https://github.com/flox/nixpkgs?rev=574d1eac1c200690e27b8eb4e24887f8df7ac27c",
      "name": "python3-3.12.5",
      "pname": "python3",
      "rev": "574d1eac1c200690e27b8eb4e24887f8df7ac27c",
      "rev_count": 677397,
      "rev_date": "2024-09-06T14:57:51Z",
      "scrape_date": "2024-09-09T13:35:41Z",
      "stabilities": [
        "unstable"
      ],
      "unfree": false,
      "version": "3.12.5",
      "outputs_to_install": [
        "out"
      ],
      "outputs": {
        "out": "/nix/store/rv3rj95fxv57c7qwgl43qa7n0fabdy0a-python3-3.12.5"
      },
      "system": "x86_64-darwin",
      "group": "toplevel",
      "priority": 5
    },
    {
      "attr_path": "python3",
      "broken": false,
      "derivation": "/nix/store/1a2g48faiiz1nyn2r6n6ddac9aacpzqj-python3-3.12.5.drv",
      "description": "High-level dynamically-typed programming language",
      "install_id": "python3",
      "license": "Python-2.0",
      "locked_url": "https://github.com/flox/nixpkgs?rev=574d1eac1c200690e27b8eb4e24887f8df7ac27c",
      "name": "python3-3.12.5",
      "pname": "python3",
      "rev": "574d1eac1c200690e27b8eb4e24887f8df7ac27c",
      "rev_count": 677397,
      "rev_date": "2024-09-06T14:57:51Z",
      "scrape_date": "2024-09-09T13:35:41Z",
      "stabilities": [
        "unstable"
      ],
      "unfree": false,
      "version": "3.12.5",
      "outputs_to_install": [
        "out"
      ],
      "outputs": {
        "debug": "/nix/store/4ws5lqhgsxdpfb924n49ma6ll7i8x0hf-python3-3.12.5-debug",
        "out": "/nix/store/pgb120fb7srbh418v4i2a70aq1w9dawd-python3-3.12.5"
      },
      "system": "x86_64-linux",
      "group": "toplevel",
      "priority": 5
    },
    {
      "attr_path": "python312Packages.pyyaml",
      "broken": false,
      "derivation": "/nix/store/3s0ih08w58mp77wm011amc5n6im91v6c-python3.12-pyyaml-6.0.1.drv",
      "description": "Next generation YAML parser and emitter for Python",
      "install_id": "pyyaml",
      "license": "MIT",
      "locked_url": "https://github.com/flox/nixpkgs?rev=574d1eac1c200690e27b8eb4e24887f8df7ac27c",
      "name": "python3.12-pyyaml-6.0.1",
      "pname": "pyyaml",
      "rev": "574d1eac1c200690e27b8eb4e24887f8df7ac27c",
      "rev_count": 677397,
      "rev_date": "2024-09-06T14:57:51Z",
      "scrape_date": "2024-09-09T13:35:41Z",
      "stabilities": [
        "unstable"
      ],
      "unfree": false,
      "version": "6.0.1",
      "outputs_to_install": [
        "out"
      ],
      "outputs": {
        "dist": "/nix/store/l9yn2b9zj7y2rnc43x02prqlc1ailvsk-python3.12-pyyaml-6.0.1-dist",
        "out": "/nix/store/yn4mq4ir4rgbxkwrdazmrrs5k0almz6r-python3.12-pyyaml-6.0.1"
      },
      "system": "aarch64-darwin",
      "group": "toplevel",
      "priority": 5
    },
    {
      "attr_path": "python312Packages.pyyaml",
      "broken": false,
      "derivation": "/nix/store/l6fcbg78drbr5v9r66wn1a0xk5wzgnky-python3.12-pyyaml-6.0.1.drv",
      "description": "Next generation YAML parser and emitter for Python",
      "install_id": "pyyaml",
      "license": "MIT",
      "locked_url": "https://github.com/flox/nixpkgs?rev=574d1eac1c200690e27b8eb4e24887f8df7ac27c",
      "name": "python3.12-pyyaml-6.0.1",
      "pname": "pyyaml",
      "rev": "574d1eac1c200690e27b8eb4e24887f8df7ac27c",
      "rev_count": 677397,
      "rev_date": "2024-09-06T14:57:51Z",
      "scrape_date": "2024-09-09T13:35:41Z",
      "stabilities": [
        "unstable"
      ],
      "unfree": false,
      "version": "6.0.1",
      "outputs_to_install": [
        "out"
      ],
      "outputs": {
        "dist": "/nix/store/pjn0p8lijnclka051c1ldmfnzj645363-python3.12-pyyaml-6.0.1-dist",
        "out": "/nix/store/vbkiq1r97ncdl8wfdpp1x0810k4v4yg7-python3.12-pyyaml-6.0.1"
      },
      "system": "aarch64-linux",
      "group": "toplevel",
      "priority": 5
    },
    {
      "attr_path": "python312Packages.pyyaml",
      "broken": false,
      "derivation": "/nix/store/h6qsmlva1dxarysi44vd0403kydx475g-python3.12-pyyaml-6.0.1.drv",
      "description": "Next generation YAML parser and emitter for Python",
      "install_id": "pyyaml",
      "license": "MIT",
      "locked_url": "https://github.com/flox/nixpkgs?rev=574d1eac1c200690e27b8eb4e24887f8df7ac27c",
      "name": "python3.12-pyyaml-6.0.1",
      "pname": "pyyaml",
      "rev": "574d1eac1c200690e27b8eb4e24887f8df7ac27c",
      "rev_count": 677397,
      "rev_date": "2024-09-06T14:57:51Z",
      "scrape_date": "2024-09-09T13:35:41Z",
      "stabilities": [
        "unstable"
      ],
      "unfree": false,
      "version": "6.0.1",
      "outputs_to_install": [
        "out"
      ],
      "outputs": {
        "dist": "/nix/store/rv5v2c7vayqvk6y5z7jysxycmyc9c3v6-python3.12-pyyaml-6.0.1-dist",
        "out": "/nix/store/74kxn4mg22gwlnxm1bj4yl4wjiqq4c42-python3.12-pyyaml-6.0.1"
      },
      "system": "x86_64-darwin",
      "group": "toplevel",
      "priority": 5
    },
    {
      "attr_path": "python312Packages.pyyaml",
      "broken": false,
      "derivation": "/nix/store/ndnnalxja2aya9gh43037j6gjnlcdqwn-python3.12-pyyaml-6.0.1.drv",
      "description": "Next generation YAML parser and emitter for Python",
      "install_id": "pyyaml",
      "license": "MIT",
      "locked_url": "https://github.com/flox/nixpkgs?rev=574d1eac1c200690e27b8eb4e24887f8df7ac27c",
      "name": "python3.12-pyyaml-6.0.1",
      "pname": "pyyaml",
      "rev": "574d1eac1c200690e27b8eb4e24887f8df7ac27c",
      "rev_count": 677397,
      "rev_date": "2024-09-06T14:57:51Z",
      "scrape_date": "2024-09-09T13:35:41Z",
      "stabilities": [
        "unstable"
      ],
      "unfree": false,
      "version": "6.0.1",
      "outputs_to_install": [
        "out"
      ],
      "outputs": {
        "dist": "/nix/store/ipw7h3kd11ng0rmg1r705gxmisy82jpj-python3.12-pyyaml-6.0.1-dist",
        "out": "/nix/store/qqgpm53hlff63rjdq4wc7msv0kx1wx21-python3.12-pyyaml-6.0.1"
      },
      "system": "x86_64-linux",
      "group": "toplevel",
      "priority": 5
    }
  ]
}